
Microsoft Visual Studio Solution File, Format Version 12.00
# Visual Studio Version 17
VisualStudioVersion = 17.5.33424.131
MinimumVisualStudioVersion = 10.0.40219.1
Project("{FAE04EC0-301F-11D3-BF4B-00C04F79EFBC}") = "001_WPFBasic", "001_WPFBasic\001_WPFBasic.csproj", "{8506344F-2FB4-4BEA-8671-F23212A83D99}"
EndProject
Project("{FAE04EC0-301F-11D3-BF4B-00C04F79EFBC}") = "002_HelloWorld", "002_HelloWorld\002_HelloWorld.csproj", "{662F947C-42AA-44B1-A76C-1576765FB769}"
EndProject
Project("{FAE04EC0-301F-11D3-BF4B-00C04F79EFBC}") = "003_Grid", "003_Grid\003_Grid.csproj", "{ADBA05B6-CF2D-4182-AC0A-A6DB79169580}"
EndProject
Project("{FAE04EC0-301F-11D3-BF4B-00C04F79EFBC}") = "004_StackPanel", "004_StackPanel\004_StackPanel.csproj", "{149BEB74-C20A-4574-BE70-EEB9890CA3D1}"
EndProject
Project("{FAE04EC0-301F-11D3-BF4B-00C04F79EFBC}") = "005_Login", "005_Login\005_Login.csproj", "{EBEABDDF-C434-4407-AFF1-BC577F3A5DA1}"
EndProject
Project("{FAE04EC0-301F-11D3-BF4B-00C04F79EFBC}") = "006_Language", "006_Language\006_Language.csproj", "{98787810-9E83-421D-93D1-59F7F3D4C0B4}"
EndProject
Project("{FAE04EC0-301F-11D3-BF4B-00C04F79EFBC}") = "007_UserControl", "007_UserControl\007_UserControl.csproj", "{4D3CBA51-8552-451A-AFCE-E7A0CDDE046D}"
EndProject
Project("{FAE04EC0-301F-11D3-BF4B-00C04F79EFBC}") = "008_DockPanel", "008_DockPanel\008_DockPanel.csproj", "{0E83CF88-B480-4BA4-9A51-59308195CA6D}"
EndProject
Project("{FAE04EC0-301F-11D3-BF4B-00C04F79EFBC}") = "009_UniformGrid", "009_UniformGrid\009_UniformGrid.csproj", "{860A1DF6-485A-44F8-95E6-B98E5B054BE3}"
EndProject
Project("{FAE04EC0-301F-11D3-BF4B-00C04F79EFBC}") = "010_MatchigGame", "010_MatchigGame\010_MatchigGame.csproj", "{9C538DCF-A3A5-49A2-BE2B-98D80D4052F3}"
EndProject
Project("{FAE04EC0-301F-11D3-BF4B-00C04F79EFBC}") = "011_EIS", "011_EIS\011_EIS.csproj", "{F935094E-DFB6-4DFF-9276-5504AD072ED3}"
EndProject
Project("{FAE04EC0-301F-11D3-BF4B-00C04F79EFBC}") = "012_TwoWindows", "012_TwoWindows\012_TwoWindows.csproj", "{4CF92C61-E4AD-4AE3-A058-ACCDC1D84CB7}"
EndProject
Project("{FAE04EC0-301F-11D3-BF4B-00C04F79EFBC}") = "013_Pages", "013_Pages\013_Pages.csproj", "{E6433D1E-5FA5-48D2-8DAC-2EE7F3B69421}"
EndProject
Project("{FAE04EC0-301F-11D3-BF4B-00C04F79EFBC}") = "014_SnakeBite", "014_SnakeBite\014_SnakeBite.csproj", "{8979E758-E5C7-47FB-ACEF-ED74419FE8C0}"
EndProject
Project("{FAE04EC0-301F-11D3-BF4B-00C04F79EFBC}") = "015_LiveChart", "015_LiveChart\015_LiveChart.csproj", "{68EDD3C7-845D-4F68-AEB1-CF8CA43051C8}"
EndProject
Project("{FAE04EC0-301F-11D3-BF4B-00C04F79EFBC}") = "016_DateClass", "016_DateClass\016_DateClass.csproj", "{E23FDF5A-2D05-4820-9150-37B2AF8696BC}"
EndProject
Project("{FAE04EC0-301F-11D3-BF4B-00C04F79EFBC}") = "017_StuckAndClass", "017_StuckAndClass\017_StuckAndClass.csproj", "{BE190FCC-AF26-4185-857E-AF7FFF9FE54B}"
EndProject
Project("{FAE04EC0-301F-11D3-BF4B-00C04F79EFBC}") = "018_ClassInCS", "018_ClassInCS\018_ClassInCS.csproj", "{78679C19-AD3A-4411-9707-ED301E3B3DE8}"
EndProject
Project("{FAE04EC0-301F-11D3-BF4B-00C04F79EFBC}") = "019_StaticAndInstaceMethod", "019_StaticAndInstaceMethod\019_StaticAndInstaceMethod.csproj", "{7577EA53-CD85-4F9B-8685-0E1199004298}"
EndProject
Project("{FAE04EC0-301F-11D3-BF4B-00C04F79EFBC}") = "020_Constructor", "020_Constructor\020_Constructor.csproj", "{29263A08-4408-45C6-A57F-35DCFBAD5E7A}"
EndProject
Project("{FAE04EC0-301F-11D3-BF4B-00C04F79EFBC}") = "021_Property", "021_Property\021_Property.csproj", "{5F555E65-A96A-4267-816C-0C4D47661C8E}"
EndProject
Project("{FAE04EC0-301F-11D3-BF4B-00C04F79EFBC}") = "022_RectangleClass", "022_RectangleClass\022_RectangleClass.csproj", "{3E200A71-4DB5-4E8C-B71E-A5A953F05EAA}"
EndProject
Project("{FAE04EC0-301F-11D3-BF4B-00C04F79EFBC}") = "023_rect", "023_rect\023_rect.csproj", "{8D0C3991-3D75-4ADD-8644-0179E4748EF3}"
EndProject
Project("{FAE04EC0-301F-11D3-BF4B-00C04F79EFBC}") = "024_StudentClass", "024_StudentClass\024_StudentClass.csproj", "{96624631-6F65-47CE-8685-3F7FEA14DA56}"
EndProject
Project("{FAE04EC0-301F-11D3-BF4B-00C04F79EFBC}") = "025_rectProp", "025_rectProp\025_rectProp.csproj", "{339FF75C-9127-403A-AA18-56BA09001549}"
EndProject
Project("{FAE04EC0-301F-11D3-BF4B-00C04F79EFBC}") = "026_RectProp", "026_RectProp\026_RectProp.csproj", "{64EFE728-E8F9-4FC6-ABC3-08A85EBC5765}"
EndProject
Project("{FAE04EC0-301F-11D3-BF4B-00C04F79EFBC}") = "027_C미쳼색", "027_C미쳼색\027_C미쳼색.csproj", "{6E2A76C7-ED8F-4694-9A0B-E2FC7DE2F767}"
EndProject
Global
	GlobalSection(SolutionConfigurationPlatforms) = preSolution
		Debug|Any CPU = Debug|Any CPU
		Release|Any CPU = Release|Any CPU
	EndGlobalSection
	GlobalSection(ProjectConfigurationPlatforms) = postSolution
		{8506344F-2FB4-4BEA-8671-F23212A83D99}.Debug|Any CPU.ActiveCfg = Debug|Any CPU
		{8506344F-2FB4-4BEA-8671-F23212A83D99}.Debug|Any CPU.Build.0 = Debug|Any CPU
		{8506344F-2FB4-4BEA-8671-F23212A83D99}.Release|Any CPU.ActiveCfg = Release|Any CPU
		{8506344F-2FB4-4BEA-8671-F23212A83D99}.Release|Any CPU.Build.0 = Release|Any CPU
		{662F947C-42AA-44B1-A76C-1576765FB769}.Debug|Any CPU.ActiveCfg = Debug|Any CPU
		{662F947C-42AA-44B1-A76C-1576765FB769}.Debug|Any CPU.Build.0 = Debug|Any CPU
		{662F947C-42AA-44B1-A76C-1576765FB769}.Release|Any CPU.ActiveCfg = Release|Any CPU
		{662F947C-42AA-44B1-A76C-1576765FB769}.Release|Any CPU.Build.0 = Release|Any CPU
		{ADBA05B6-CF2D-4182-AC0A-A6DB79169580}.Debug|Any CPU.ActiveCfg = Debug|Any CPU
		{ADBA05B6-CF2D-4182-AC0A-A6DB79169580}.Debug|Any CPU.Build.0 = Debug|Any CPU
		{ADBA05B6-CF2D-4182-AC0A-A6DB79169580}.Release|Any CPU.ActiveCfg = Release|Any CPU
		{ADBA05B6-CF2D-4182-AC0A-A6DB79169580}.Release|Any CPU.Build.0 = Release|Any CPU
		{149BEB74-C20A-4574-BE70-EEB9890CA3D1}.Debug|Any CPU.ActiveCfg = Debug|Any CPU
		{149BEB74-C20A-4574-BE70-EEB9890CA3D1}.Debug|Any CPU.Build.0 = Debug|Any CPU
		{149BEB74-C20A-4574-BE70-EEB9890CA3D1}.Release|Any CPU.ActiveCfg = Release|Any CPU
		{149BEB74-C20A-4574-BE70-EEB9890CA3D1}.Release|Any CPU.Build.0 = Release|Any CPU
		{EBEABDDF-C434-4407-AFF1-BC577F3A5DA1}.Debug|Any CPU.ActiveCfg = Debug|Any CPU
		{EBEABDDF-C434-4407-AFF1-BC577F3A5DA1}.Debug|Any CPU.Build.0 = Debug|Any CPU
		{EBEABDDF-C434-4407-AFF1-BC577F3A5DA1}.Release|Any CPU.ActiveCfg = Release|Any CPU
		{EBEABDDF-C434-4407-AFF1-BC577F3A5DA1}.Release|Any CPU.Build.0 = Release|Any CPU
		{98787810-9E83-421D-93D1-59F7F3D4C0B4}.Debug|Any CPU.ActiveCfg = Debug|Any CPU
		{98787810-9E83-421D-93D1-59F7F3D4C0B4}.Debug|Any CPU.Build.0 = Debug|Any CPU
		{98787810-9E83-421D-93D1-59F7F3D4C0B4}.Release|Any CPU.ActiveCfg = Release|Any CPU
		{98787810-9E83-421D-93D1-59F7F3D4C0B4}.Release|Any CPU.Build.0 = Release|Any CPU
		{4D3CBA51-8552-451A-AFCE-E7A0CDDE046D}.Debug|Any CPU.ActiveCfg = Debug|Any CPU
		{4D3CBA51-8552-451A-AFCE-E7A0CDDE046D}.Debug|Any CPU.Build.0 = Debug|Any CPU
		{4D3CBA51-8552-451A-AFCE-E7A0CDDE046D}.Release|Any CPU.ActiveCfg = Release|Any CPU
		{4D3CBA51-8552-451A-AFCE-E7A0CDDE046D}.Release|Any CPU.Build.0 = Release|Any CPU
		{0E83CF88-B480-4BA4-9A51-59308195CA6D}.Debug|Any CPU.ActiveCfg = Debug|Any CPU
		{0E83CF88-B480-4BA4-9A51-59308195CA6D}.Debug|Any CPU.Build.0 = Debug|Any CPU
		{0E83CF88-B480-4BA4-9A51-59308195CA6D}.Release|Any CPU.ActiveCfg = Release|Any CPU
		{0E83CF88-B480-4BA4-9A51-59308195CA6D}.Release|Any CPU.Build.0 = Release|Any CPU
		{860A1DF6-485A-44F8-95E6-B98E5B054BE3}.Debug|Any CPU.ActiveCfg = Debug|Any CPU
		{860A1DF6-485A-44F8-95E6-B98E5B054BE3}.Debug|Any CPU.Build.0 = Debug|Any CPU
		{860A1DF6-485A-44F8-95E6-B98E5B054BE3}.Release|Any CPU.ActiveCfg = Release|Any CPU
		{860A1DF6-485A-44F8-95E6-B98E5B054BE3}.Release|Any CPU.Build.0 = Release|Any CPU
		{9C538DCF-A3A5-49A2-BE2B-98D80D4052F3}.Debug|Any CPU.ActiveCfg = Debug|Any CPU
		{9C538DCF-A3A5-49A2-BE2B-98D80D4052F3}.Debug|Any CPU.Build.0 = Debug|Any CPU
		{9C538DCF-A3A5-49A2-BE2B-98D80D4052F3}.Release|Any CPU.ActiveCfg = Release|Any CPU
		{9C538DCF-A3A5-49A2-BE2B-98D80D4052F3}.Release|Any CPU.Build.0 = Release|Any CPU
		{F935094E-DFB6-4DFF-9276-5504AD072ED3}.Debug|Any CPU.ActiveCfg = Debug|Any CPU
		{F935094E-DFB6-4DFF-9276-5504AD072ED3}.Debug|Any CPU.Build.0 = Debug|Any CPU
		{F935094E-DFB6-4DFF-9276-5504AD072ED3}.Release|Any CPU.ActiveCfg = Release|Any CPU
		{F935094E-DFB6-4DFF-9276-5504AD072ED3}.Release|Any CPU.Build.0 = Release|Any CPU
		{4CF92C61-E4AD-4AE3-A058-ACCDC1D84CB7}.Debug|Any CPU.ActiveCfg = Debug|Any CPU
		{4CF92C61-E4AD-4AE3-A058-ACCDC1D84CB7}.Debug|Any CPU.Build.0 = Debug|Any CPU
		{4CF92C61-E4AD-4AE3-A058-ACCDC1D84CB7}.Release|Any CPU.ActiveCfg = Release|Any CPU
		{4CF92C61-E4AD-4AE3-A058-ACCDC1D84CB7}.Release|Any CPU.Build.0 = Release|Any CPU
		{E6433D1E-5FA5-48D2-8DAC-2EE7F3B69421}.Debug|Any CPU.ActiveCfg = Debug|Any CPU
		{E6433D1E-5FA5-48D2-8DAC-2EE7F3B69421}.Debug|Any CPU.Build.0 = Debug|Any CPU
		{E6433D1E-5FA5-48D2-8DAC-2EE7F3B69421}.Release|Any CPU.ActiveCfg = Release|Any CPU
		{E6433D1E-5FA5-48D2-8DAC-2EE7F3B69421}.Release|Any CPU.Build.0 = Release|Any CPU
		{8979E758-E5C7-47FB-ACEF-ED74419FE8C0}.Debug|Any CPU.ActiveCfg = Debug|Any CPU
		{8979E758-E5C7-47FB-ACEF-ED74419FE8C0}.Debug|Any CPU.Build.0 = Debug|Any CPU
		{8979E758-E5C7-47FB-ACEF-ED74419FE8C0}.Release|Any CPU.ActiveCfg = Release|Any CPU
		{8979E758-E5C7-47FB-ACEF-ED74419FE8C0}.Release|Any CPU.Build.0 = Release|Any CPU
		{68EDD3C7-845D-4F68-AEB1-CF8CA43051C8}.Debug|Any CPU.ActiveCfg = Debug|Any CPU
		{68EDD3C7-845D-4F68-AEB1-CF8CA43051C8}.Debug|Any CPU.Build.0 = Debug|Any CPU
		{68EDD3C7-845D-4F68-AEB1-CF8CA43051C8}.Release|Any CPU.ActiveCfg = Release|Any CPU
		{68EDD3C7-845D-4F68-AEB1-CF8CA43051C8}.Release|Any CPU.Build.0 = Release|Any CPU
		{E23FDF5A-2D05-4820-9150-37B2AF8696BC}.Debug|Any CPU.ActiveCfg = Debug|Any CPU
		{E23FDF5A-2D05-4820-9150-37B2AF8696BC}.Debug|Any CPU.Build.0 = Debug|Any CPU
		{E23FDF5A-2D05-4820-9150-37B2AF8696BC}.Release|Any CPU.ActiveCfg = Release|Any CPU
		{E23FDF5A-2D05-4820-9150-37B2AF8696BC}.Release|Any CPU.Build.0 = Release|Any CPU
		{BE190FCC-AF26-4185-857E-AF7FFF9FE54B}.Debug|Any CPU.ActiveCfg = Debug|Any CPU
		{BE190FCC-AF26-4185-857E-AF7FFF9FE54B}.Debug|Any CPU.Build.0 = Debug|Any CPU
		{BE190FCC-AF26-4185-857E-AF7FFF9FE54B}.Release|Any CPU.ActiveCfg = Release|Any CPU
		{BE190FCC-AF26-4185-857E-AF7FFF9FE54B}.Release|Any CPU.Build.0 = Release|Any CPU
		{78679C19-AD3A-4411-9707-ED301E3B3DE8}.Debug|Any CPU.ActiveCfg = Debug|Any CPU
		{78679C19-AD3A-4411-9707-ED301E3B3DE8}.Debug|Any CPU.Build.0 = Debug|Any CPU
		{78679C19-AD3A-4411-9707-ED301E3B3DE8}.Release|Any CPU.ActiveCfg = Release|Any CPU
		{78679C19-AD3A-4411-9707-ED301E3B3DE8}.Release|Any CPU.Build.0 = Release|Any CPU
		{7577EA53-CD85-4F9B-8685-0E1199004298}.Debug|Any CPU.ActiveCfg = Debug|Any CPU
		{7577EA53-CD85-4F9B-8685-0E1199004298}.Debug|Any CPU.Build.0 = Debug|Any CPU
		{7577EA53-CD85-4F9B-8685-0E1199004298}.Release|Any CPU.ActiveCfg = Release|Any CPU
		{7577EA53-CD85-4F9B-8685-0E1199004298}.Release|Any CPU.Build.0 = Release|Any CPU
		{29263A08-4408-45C6-A57F-35DCFBAD5E7A}.Debug|Any CPU.ActiveCfg = Debug|Any CPU
		{29263A08-4408-45C6-A57F-35DCFBAD5E7A}.Debug|Any CPU.Build.0 = Debug|Any CPU
		{29263A08-4408-45C6-A57F-35DCFBAD5E7A}.Release|Any CPU.ActiveCfg = Release|Any CPU
		{29263A08-4408-45C6-A57F-35DCFBAD5E7A}.Release|Any CPU.Build.0 = Release|Any CPU
		{5F555E65-A96A-4267-816C-0C4D47661C8E}.Debug|Any CPU.ActiveCfg = Debug|Any CPU
		{5F555E65-A96A-4267-816C-0C4D47661C8E}.Debug|Any CPU.Build.0 = Debug|Any CPU
		{5F555E65-A96A-4267-816C-0C4D47661C8E}.Release|Any CPU.ActiveCfg = Release|Any CPU
		{5F555E65-A96A-4267-816C-0C4D47661C8E}.Release|Any CPU.Build.0 = Release|Any CPU
		{3E200A71-4DB5-4E8C-B71E-A5A953F05EAA}.Debug|Any CPU.ActiveCfg = Debug|Any CPU
		{3E200A71-4DB5-4E8C-B71E-A5A953F05EAA}.Debug|Any CPU.Build.0 = Debug|Any CPU
		{3E200A71-4DB5-4E8C-B71E-A5A953F05EAA}.Release|Any CPU.ActiveCfg = Release|Any CPU
		{3E200A71-4DB5-4E8C-B71E-A5A953F05EAA}.Release|Any CPU.Build.0 = Release|Any CPU
		{8D0C3991-3D75-4ADD-8644-0179E4748EF3}.Debug|Any CPU.ActiveCfg = Debug|Any CPU
		{8D0C3991-3D75-4ADD-8644-0179E4748EF3}.Debug|Any CPU.Build.0 = Debug|Any CPU
		{8D0C3991-3D75-4ADD-8644-0179E4748EF3}.Release|Any CPU.ActiveCfg = Release|Any CPU
		{8D0C3991-3D75-4ADD-8644-0179E4748EF3}.Release|Any CPU.Build.0 = Release|Any CPU
		{96624631-6F65-47CE-8685-3F7FEA14DA56}.Debug|Any CPU.ActiveCfg = Debug|Any CPU
		{96624631-6F65-47CE-8685-3F7FEA14DA56}.Debug|Any CPU.Build.0 = Debug|Any CPU
		{96624631-6F65-47CE-8685-3F7FEA14DA56}.Release|Any CPU.ActiveCfg = Release|Any CPU
		{96624631-6F65-47CE-8685-3F7FEA14DA56}.Release|Any CPU.Build.0 = Release|Any CPU
		{339FF75C-9127-403A-AA18-56BA09001549}.Debug|Any CPU.ActiveCfg = Debug|Any CPU
		{339FF75C-9127-403A-AA18-56BA09001549}.Debug|Any CPU.Build.0 = Debug|Any CPU
		{339FF75C-9127-403A-AA18-56BA09001549}.Release|Any CPU.ActiveCfg = Release|Any CPU
		{339FF75C-9127-403A-AA18-56BA09001549}.Release|Any CPU.Build.0 = Release|Any CPU
		{64EFE728-E8F9-4FC6-ABC3-08A85EBC5765}.Debug|Any CPU.ActiveCfg = Debug|Any CPU
		{64EFE728-E8F9-4FC6-ABC3-08A85EBC5765}.Debug|Any CPU.Build.0 = Debug|Any CPU
		{64EFE728-E8F9-4FC6-ABC3-08A85EBC5765}.Release|Any CPU.ActiveCfg = Release|Any CPU
		{64EFE728-E8F9-4FC6-ABC3-08A85EBC5765}.Release|Any CPU.Build.0 = Release|Any CPU
		{6E2A76C7-ED8F-4694-9A0B-E2FC7DE2F767}.Debug|Any CPU.ActiveCfg = Debug|Any CPU
		{6E2A76C7-ED8F-4694-9A0B-E2FC7DE2F767}.Debug|Any CPU.Build.0 = Debug|Any CPU
		{6E2A76C7-ED8F-4694-9A0B-E2FC7DE2F767}.Release|Any CPU.ActiveCfg = Release|Any CPU
		{6E2A76C7-ED8F-4694-9A0B-E2FC7DE2F767}.Release|Any CPU.Build.0 = Release|Any CPU
	EndGlobalSection
	GlobalSection(SolutionProperties) = preSolution
		HideSolutionNode = FALSE
	EndGlobalSection
	GlobalSection(ExtensibilityGlobals) = postSolution
		SolutionGuid = {E660F0C4-297B-417C-80D3-1C52EDADD7B7}
	EndGlobalSection
EndGlobal
